
Microsoft Visual Studio Solution File, Format Version 12.00
# Visual Studio Version 16
VisualStudioVersion = 16.0.35325.158
MinimumVisualStudioVersion = 10.0.40219.1
Project("{FAE04EC0-301F-11D3-BF4B-00C04F79EFBC}") = "Tabels_In_Range", "Tabels_In_Range.csproj", "{768CA19E-424D-46D6-B1CD-C0A858392FD1}"
EndProject
Global
	GlobalSection(SolutionConfigurationPlatforms) = preSolution
		Debug|Any CPU = Debug|Any CPU
		Release|Any CPU = Release|Any CPU
	EndGlobalSection
	GlobalSection(ProjectConfigurationPlatforms) = postSolution
		{768CA19E-424D-46D6-B1CD-C0A858392FD1}.Debug|Any CPU.ActiveCfg = Debug|Any CPU
		{768CA19E-424D-46D6-B1CD-C0A858392FD1}.Debug|Any CPU.Build.0 = Debug|Any CPU
		{768CA19E-424D-46D6-B1CD-C0A858392FD1}.Release|Any CPU.ActiveCfg = Release|Any CPU
		{768CA19E-424D-46D6-B1CD-C0A858392FD1}.Release|Any CPU.Build.0 = Release|Any CPU
	EndGlobalSection
	GlobalSection(SolutionProperties) = preSolution
		HideSolutionNode = FALSE
	EndGlobalSection
	GlobalSection(ExtensibilityGlobals) = postSolution
		SolutionGuid = {E803B694-5D69-4985-92C9-6F21616DA013}
	EndGlobalSection
EndGlobal
