
Microsoft Visual Studio Solution File, Format Version 12.00
# Visual Studio Version 16
VisualStudioVersion = 16.0.35325.158
MinimumVisualStudioVersion = 10.0.40219.1
Project("{FAE04EC0-301F-11D3-BF4B-00C04F79EFBC}") = "Experiment_No_4", "Experiment_No_4.csproj", "{8D1620F4-C042-4E9E-8A47-295ADDF47C9E}"
EndProject
Global
	GlobalSection(SolutionConfigurationPlatforms) = preSolution
		Debug|Any CPU = Debug|Any CPU
		Release|Any CPU = Release|Any CPU
	EndGlobalSection
	GlobalSection(ProjectConfigurationPlatforms) = postSolution
		{8D1620F4-C042-4E9E-8A47-295ADDF47C9E}.Debug|Any CPU.ActiveCfg = Debug|Any CPU
		{8D1620F4-C042-4E9E-8A47-295ADDF47C9E}.Debug|Any CPU.Build.0 = Debug|Any CPU
		{8D1620F4-C042-4E9E-8A47-295ADDF47C9E}.Release|Any CPU.ActiveCfg = Release|Any CPU
		{8D1620F4-C042-4E9E-8A47-295ADDF47C9E}.Release|Any CPU.Build.0 = Release|Any CPU
	EndGlobalSection
	GlobalSection(SolutionProperties) = preSolution
		HideSolutionNode = FALSE
	EndGlobalSection
	GlobalSection(ExtensibilityGlobals) = postSolution
		SolutionGuid = {72551C11-20B8-465D-9667-D4CEC11A8C1A}
	EndGlobalSection
EndGlobal
