
Microsoft Visual Studio Solution File, Format Version 12.00
# Visual Studio Version 16
VisualStudioVersion = 16.0.35325.158
MinimumVisualStudioVersion = 10.0.40219.1
Project("{FAE04EC0-301F-11D3-BF4B-00C04F79EFBC}") = "Numbers_In_Range", "Numbers_In_Range.csproj", "{6FE265A3-23BE-4F4E-8C2E-9644CB2C103B}"
EndProject
Global
	GlobalSection(SolutionConfigurationPlatforms) = preSolution
		Debug|Any CPU = Debug|Any CPU
		Release|Any CPU = Release|Any CPU
	EndGlobalSection
	GlobalSection(ProjectConfigurationPlatforms) = postSolution
		{6FE265A3-23BE-4F4E-8C2E-9644CB2C103B}.Debug|Any CPU.ActiveCfg = Debug|Any CPU
		{6FE265A3-23BE-4F4E-8C2E-9644CB2C103B}.Debug|Any CPU.Build.0 = Debug|Any CPU
		{6FE265A3-23BE-4F4E-8C2E-9644CB2C103B}.Release|Any CPU.ActiveCfg = Release|Any CPU
		{6FE265A3-23BE-4F4E-8C2E-9644CB2C103B}.Release|Any CPU.Build.0 = Release|Any CPU
	EndGlobalSection
	GlobalSection(SolutionProperties) = preSolution
		HideSolutionNode = FALSE
	EndGlobalSection
	GlobalSection(ExtensibilityGlobals) = postSolution
		SolutionGuid = {83736DCC-17DF-461D-9A9F-709F2EF6DBE1}
	EndGlobalSection
EndGlobal
