
Microsoft Visual Studio Solution File, Format Version 12.00
# Visual Studio Version 16
VisualStudioVersion = 16.0.35325.158
MinimumVisualStudioVersion = 10.0.40219.1
Project("{FAE04EC0-301F-11D3-BF4B-00C04F79EFBC}") = "Royal_Academy_2025", "Royal_Academy_2025.csproj", "{67554358-4F05-4C6F-A44F-0233E283E079}"
EndProject
Global
	GlobalSection(SolutionConfigurationPlatforms) = preSolution
		Debug|Any CPU = Debug|Any CPU
		Release|Any CPU = Release|Any CPU
	EndGlobalSection
	GlobalSection(ProjectConfigurationPlatforms) = postSolution
		{67554358-4F05-4C6F-A44F-0233E283E079}.Debug|Any CPU.ActiveCfg = Debug|Any CPU
		{67554358-4F05-4C6F-A44F-0233E283E079}.Debug|Any CPU.Build.0 = Debug|Any CPU
		{67554358-4F05-4C6F-A44F-0233E283E079}.Release|Any CPU.ActiveCfg = Release|Any CPU
		{67554358-4F05-4C6F-A44F-0233E283E079}.Release|Any CPU.Build.0 = Release|Any CPU
	EndGlobalSection
	GlobalSection(SolutionProperties) = preSolution
		HideSolutionNode = FALSE
	EndGlobalSection
	GlobalSection(ExtensibilityGlobals) = postSolution
		SolutionGuid = {62824902-B38E-402A-8D2F-C23766942CA6}
	EndGlobalSection
EndGlobal
