
Microsoft Visual Studio Solution File, Format Version 12.00
# Visual Studio Version 16
VisualStudioVersion = 16.0.35325.158
MinimumVisualStudioVersion = 10.0.40219.1
Project("{FAE04EC0-301F-11D3-BF4B-00C04F79EFBC}") = "Yadav_Emp_App", "Yadav_Emp_App.csproj", "{F37F70EB-FC89-4B01-8F79-43AA0365B7C4}"
EndProject
Global
	GlobalSection(SolutionConfigurationPlatforms) = preSolution
		Debug|Any CPU = Debug|Any CPU
		Release|Any CPU = Release|Any CPU
	EndGlobalSection
	GlobalSection(ProjectConfigurationPlatforms) = postSolution
		{F37F70EB-FC89-4B01-8F79-43AA0365B7C4}.Debug|Any CPU.ActiveCfg = Debug|Any CPU
		{F37F70EB-FC89-4B01-8F79-43AA0365B7C4}.Debug|Any CPU.Build.0 = Debug|Any CPU
		{F37F70EB-FC89-4B01-8F79-43AA0365B7C4}.Release|Any CPU.ActiveCfg = Release|Any CPU
		{F37F70EB-FC89-4B01-8F79-43AA0365B7C4}.Release|Any CPU.Build.0 = Release|Any CPU
	EndGlobalSection
	GlobalSection(SolutionProperties) = preSolution
		HideSolutionNode = FALSE
	EndGlobalSection
	GlobalSection(ExtensibilityGlobals) = postSolution
		SolutionGuid = {E9957B16-1A99-4302-91A1-8B38130F2EB0}
	EndGlobalSection
EndGlobal
