
Microsoft Visual Studio Solution File, Format Version 12.00
# Visual Studio Version 16
VisualStudioVersion = 16.0.35325.158
MinimumVisualStudioVersion = 10.0.40219.1
Project("{FAE04EC0-301F-11D3-BF4B-00C04F79EFBC}") = "Exp_09", "Exp_09.csproj", "{C7BBA385-AB9E-4547-9133-D38180689872}"
EndProject
Global
	GlobalSection(SolutionConfigurationPlatforms) = preSolution
		Debug|Any CPU = Debug|Any CPU
		Release|Any CPU = Release|Any CPU
	EndGlobalSection
	GlobalSection(ProjectConfigurationPlatforms) = postSolution
		{C7BBA385-AB9E-4547-9133-D38180689872}.Debug|Any CPU.ActiveCfg = Debug|Any CPU
		{C7BBA385-AB9E-4547-9133-D38180689872}.Debug|Any CPU.Build.0 = Debug|Any CPU
		{C7BBA385-AB9E-4547-9133-D38180689872}.Release|Any CPU.ActiveCfg = Release|Any CPU
		{C7BBA385-AB9E-4547-9133-D38180689872}.Release|Any CPU.Build.0 = Release|Any CPU
	EndGlobalSection
	GlobalSection(SolutionProperties) = preSolution
		HideSolutionNode = FALSE
	EndGlobalSection
	GlobalSection(ExtensibilityGlobals) = postSolution
		SolutionGuid = {0DF292B1-050D-4788-A427-14FC2AB6F98C}
	EndGlobalSection
EndGlobal
